
Microsoft Visual Studio Solution File, Format Version 12.00
# Visual Studio Version 17
VisualStudioVersion = 17.7.34031.279
MinimumVisualStudioVersion = 10.0.40219.1
Project("{FAE04EC0-301F-11D3-BF4B-00C04F79EFBC}") = "Zadachi1", "Zadachi1\Zadachi1.csproj", "{72CF38E1-68FC-4E61-99F4-F23A49400607}"
EndProject
Global
	GlobalSection(SolutionConfigurationPlatforms) = preSolution
		Debug|Any CPU = Debug|Any CPU
		Release|Any CPU = Release|Any CPU
	EndGlobalSection
	GlobalSection(ProjectConfigurationPlatforms) = postSolution
		{72CF38E1-68FC-4E61-99F4-F23A49400607}.Debug|Any CPU.ActiveCfg = Debug|Any CPU
		{72CF38E1-68FC-4E61-99F4-F23A49400607}.Debug|Any CPU.Build.0 = Debug|Any CPU
		{72CF38E1-68FC-4E61-99F4-F23A49400607}.Release|Any CPU.ActiveCfg = Release|Any CPU
		{72CF38E1-68FC-4E61-99F4-F23A49400607}.Release|Any CPU.Build.0 = Release|Any CPU
	EndGlobalSection
	GlobalSection(SolutionProperties) = preSolution
		HideSolutionNode = FALSE
	EndGlobalSection
	GlobalSection(ExtensibilityGlobals) = postSolution
		SolutionGuid = {C27042CF-C1CE-41E8-970A-0CE2E88E55A1}
	EndGlobalSection
EndGlobal
